
Microsoft Visual Studio Solution File, Format Version 12.00
# Visual Studio 15
VisualStudioVersion = 15.0.28307.1062
MinimumVisualStudioVersion = 10.0.40219.1
Project("{FAE04EC0-301F-11D3-BF4B-00C04F79EFBC}") = "Veterinary.Android", "Veterinary\Veterinary.Android\Veterinary.Android.csproj", "{D7139A51-1A17-412C-9BD4-4A11F29EA521}"
EndProject
Project("{FAE04EC0-301F-11D3-BF4B-00C04F79EFBC}") = "Veterinary.iOS", "Veterinary\Veterinary.iOS\Veterinary.iOS.csproj", "{E644D75F-2819-4CA5-9B9B-BB6F40FC1C89}"
EndProject
Project("{FAE04EC0-301F-11D3-BF4B-00C04F79EFBC}") = "Veterinary", "Veterinary\Veterinary\Veterinary.csproj", "{37CCC87A-E4CA-447E-B59A-D9238655DB8A}"
EndProject
Project("{FAE04EC0-301F-11D3-BF4B-00C04F79EFBC}") = "Veterinary.Common", "Veterinary.Common\Veterinary.Common.csproj", "{4C000F37-C099-4A73-B2D8-80EDBC3514BC}"
EndProject
Project("{FAE04EC0-301F-11D3-BF4B-00C04F79EFBC}") = "Veterinary.Web", "Veterinary.Web\Veterinary.Web.csproj", "{1105706E-39A3-4912-BB39-99509939F9CF}"
EndProject
Global
	GlobalSection(SolutionConfigurationPlatforms) = preSolution
		Ad-Hoc|Any CPU = Ad-Hoc|Any CPU
		Ad-Hoc|iPhone = Ad-Hoc|iPhone
		Ad-Hoc|iPhoneSimulator = Ad-Hoc|iPhoneSimulator
		AppStore|Any CPU = AppStore|Any CPU
		AppStore|iPhone = AppStore|iPhone
		AppStore|iPhoneSimulator = AppStore|iPhoneSimulator
		Debug|Any CPU = Debug|Any CPU
		Debug|iPhone = Debug|iPhone
		Debug|iPhoneSimulator = Debug|iPhoneSimulator
		Release|Any CPU = Release|Any CPU
		Release|iPhone = Release|iPhone
		Release|iPhoneSimulator = Release|iPhoneSimulator
	EndGlobalSection
	GlobalSection(ProjectConfigurationPlatforms) = postSolution
		{D7139A51-1A17-412C-9BD4-4A11F29EA521}.Ad-Hoc|Any CPU.ActiveCfg = Release|Any CPU
		{D7139A51-1A17-412C-9BD4-4A11F29EA521}.Ad-Hoc|Any CPU.Build.0 = Release|Any CPU
		{D7139A51-1A17-412C-9BD4-4A11F29EA521}.Ad-Hoc|Any CPU.Deploy.0 = Release|Any CPU
		{D7139A51-1A17-412C-9BD4-4A11F29EA521}.Ad-Hoc|iPhone.ActiveCfg = Release|Any CPU
		{D7139A51-1A17-412C-9BD4-4A11F29EA521}.Ad-Hoc|iPhone.Build.0 = Release|Any CPU
		{D7139A51-1A17-412C-9BD4-4A11F29EA521}.Ad-Hoc|iPhone.Deploy.0 = Release|Any CPU
		{D7139A51-1A17-412C-9BD4-4A11F29EA521}.Ad-Hoc|iPhoneSimulator.ActiveCfg = Release|Any CPU
		{D7139A51-1A17-412C-9BD4-4A11F29EA521}.Ad-Hoc|iPhoneSimulator.Build.0 = Release|Any CPU
		{D7139A51-1A17-412C-9BD4-4A11F29EA521}.Ad-Hoc|iPhoneSimulator.Deploy.0 = Release|Any CPU
		{D7139A51-1A17-412C-9BD4-4A11F29EA521}.AppStore|Any CPU.ActiveCfg = Release|Any CPU
		{D7139A51-1A17-412C-9BD4-4A11F29EA521}.AppStore|Any CPU.Build.0 = Release|Any CPU
		{D7139A51-1A17-412C-9BD4-4A11F29EA521}.AppStore|Any CPU.Deploy.0 = Release|Any CPU
		{D7139A51-1A17-412C-9BD4-4A11F29EA521}.AppStore|iPhone.ActiveCfg = Release|Any CPU
		{D7139A51-1A17-412C-9BD4-4A11F29EA521}.AppStore|iPhone.Build.0 = Release|Any CPU
		{D7139A51-1A17-412C-9BD4-4A11F29EA521}.AppStore|iPhone.Deploy.0 = Release|Any CPU
		{D7139A51-1A17-412C-9BD4-4A11F29EA521}.AppStore|iPhoneSimulator.ActiveCfg = Release|Any CPU
		{D7139A51-1A17-412C-9BD4-4A11F29EA521}.AppStore|iPhoneSimulator.Build.0 = Release|Any CPU
		{D7139A51-1A17-412C-9BD4-4A11F29EA521}.AppStore|iPhoneSimulator.Deploy.0 = Release|Any CPU
		{D7139A51-1A17-412C-9BD4-4A11F29EA521}.Debug|Any CPU.ActiveCfg = Debug|Any CPU
		{D7139A51-1A17-412C-9BD4-4A11F29EA521}.Debug|Any CPU.Build.0 = Debug|Any CPU
		{D7139A51-1A17-412C-9BD4-4A11F29EA521}.Debug|Any CPU.Deploy.0 = Debug|Any CPU
		{D7139A51-1A17-412C-9BD4-4A11F29EA521}.Debug|iPhone.ActiveCfg = Debug|Any CPU
		{D7139A51-1A17-412C-9BD4-4A11F29EA521}.Debug|iPhone.Build.0 = Debug|Any CPU
		{D7139A51-1A17-412C-9BD4-4A11F29EA521}.Debug|iPhone.Deploy.0 = Debug|Any CPU
		{D7139A51-1A17-412C-9BD4-4A11F29EA521}.Debug|iPhoneSimulator.ActiveCfg = Debug|Any CPU
		{D7139A51-1A17-412C-9BD4-4A11F29EA521}.Debug|iPhoneSimulator.Build.0 = Debug|Any CPU
		{D7139A51-1A17-412C-9BD4-4A11F29EA521}.Debug|iPhoneSimulator.Deploy.0 = Debug|Any CPU
		{D7139A51-1A17-412C-9BD4-4A11F29EA521}.Release|Any CPU.ActiveCfg = Release|Any CPU
		{D7139A51-1A17-412C-9BD4-4A11F29EA521}.Release|Any CPU.Build.0 = Release|Any CPU
		{D7139A51-1A17-412C-9BD4-4A11F29EA521}.Release|Any CPU.Deploy.0 = Release|Any CPU
		{D7139A51-1A17-412C-9BD4-4A11F29EA521}.Release|iPhone.ActiveCfg = Release|Any CPU
		{D7139A51-1A17-412C-9BD4-4A11F29EA521}.Release|iPhone.Build.0 = Release|Any CPU
		{D7139A51-1A17-412C-9BD4-4A11F29EA521}.Release|iPhone.Deploy.0 = Release|Any CPU
		{D7139A51-1A17-412C-9BD4-4A11F29EA521}.Release|iPhoneSimulator.ActiveCfg = Release|Any CPU
		{D7139A51-1A17-412C-9BD4-4A11F29EA521}.Release|iPhoneSimulator.Build.0 = Release|Any CPU
		{D7139A51-1A17-412C-9BD4-4A11F29EA521}.Release|iPhoneSimulator.Deploy.0 = Release|Any CPU
		{E644D75F-2819-4CA5-9B9B-BB6F40FC1C89}.Ad-Hoc|Any CPU.ActiveCfg = Ad-Hoc|iPhone
		{E644D75F-2819-4CA5-9B9B-BB6F40FC1C89}.Ad-Hoc|Any CPU.Build.0 = Ad-Hoc|iPhone
		{E644D75F-2819-4CA5-9B9B-BB6F40FC1C89}.Ad-Hoc|Any CPU.Deploy.0 = Ad-Hoc|iPhone
		{E644D75F-2819-4CA5-9B9B-BB6F40FC1C89}.Ad-Hoc|iPhone.ActiveCfg = Ad-Hoc|iPhone
		{E644D75F-2819-4CA5-9B9B-BB6F40FC1C89}.Ad-Hoc|iPhone.Build.0 = Ad-Hoc|iPhone
		{E644D75F-2819-4CA5-9B9B-BB6F40FC1C89}.Ad-Hoc|iPhone.Deploy.0 = Ad-Hoc|iPhone
		{E644D75F-2819-4CA5-9B9B-BB6F40FC1C89}.Ad-Hoc|iPhoneSimulator.ActiveCfg = Ad-Hoc|iPhoneSimulator
		{E644D75F-2819-4CA5-9B9B-BB6F40FC1C89}.Ad-Hoc|iPhoneSimulator.Build.0 = Ad-Hoc|iPhoneSimulator
		{E644D75F-2819-4CA5-9B9B-BB6F40FC1C89}.Ad-Hoc|iPhoneSimulator.Deploy.0 = Ad-Hoc|iPhoneSimulator
		{E644D75F-2819-4CA5-9B9B-BB6F40FC1C89}.AppStore|Any CPU.ActiveCfg = AppStore|iPhone
		{E644D75F-2819-4CA5-9B9B-BB6F40FC1C89}.AppStore|Any CPU.Build.0 = AppStore|iPhone
		{E644D75F-2819-4CA5-9B9B-BB6F40FC1C89}.AppStore|Any CPU.Deploy.0 = AppStore|iPhone
		{E644D75F-2819-4CA5-9B9B-BB6F40FC1C89}.AppStore|iPhone.ActiveCfg = AppStore|iPhone
		{E644D75F-2819-4CA5-9B9B-BB6F40FC1C89}.AppStore|iPhone.Build.0 = AppStore|iPhone
		{E644D75F-2819-4CA5-9B9B-BB6F40FC1C89}.AppStore|iPhone.Deploy.0 = AppStore|iPhone
		{E644D75F-2819-4CA5-9B9B-BB6F40FC1C89}.AppStore|iPhoneSimulator.ActiveCfg = AppStore|iPhoneSimulator
		{E644D75F-2819-4CA5-9B9B-BB6F40FC1C89}.AppStore|iPhoneSimulator.Build.0 = AppStore|iPhoneSimulator
		{E644D75F-2819-4CA5-9B9B-BB6F40FC1C89}.AppStore|iPhoneSimulator.Deploy.0 = AppStore|iPhoneSimulator
		{E644D75F-2819-4CA5-9B9B-BB6F40FC1C89}.Debug|Any CPU.ActiveCfg = Debug|iPhoneSimulator
		{E644D75F-2819-4CA5-9B9B-BB6F40FC1C89}.Debug|Any CPU.Build.0 = Debug|iPhoneSimulator
		{E644D75F-2819-4CA5-9B9B-BB6F40FC1C89}.Debug|Any CPU.Deploy.0 = Debug|iPhoneSimulator
		{E644D75F-2819-4CA5-9B9B-BB6F40FC1C89}.Debug|iPhone.ActiveCfg = Debug|iPhone
		{E644D75F-2819-4CA5-9B9B-BB6F40FC1C89}.Debug|iPhone.Build.0 = Debug|iPhone
		{E644D75F-2819-4CA5-9B9B-BB6F40FC1C89}.Debug|iPhone.Deploy.0 = Debug|iPhone
		{E644D75F-2819-4CA5-9B9B-BB6F40FC1C89}.Debug|iPhoneSimulator.ActiveCfg = Debug|iPhoneSimulator
		{E644D75F-2819-4CA5-9B9B-BB6F40FC1C89}.Debug|iPhoneSimulator.Build.0 = Debug|iPhoneSimulator
		{E644D75F-2819-4CA5-9B9B-BB6F40FC1C89}.Debug|iPhoneSimulator.Deploy.0 = Debug|iPhoneSimulator
		{E644D75F-2819-4CA5-9B9B-BB6F40FC1C89}.Release|Any CPU.ActiveCfg = Release|iPhone
		{E644D75F-2819-4CA5-9B9B-BB6F40FC1C89}.Release|Any CPU.Build.0 = Release|iPhone
		{E644D75F-2819-4CA5-9B9B-BB6F40FC1C89}.Release|Any CPU.Deploy.0 = Release|iPhone
		{E644D75F-2819-4CA5-9B9B-BB6F40FC1C89}.Release|iPhone.ActiveCfg = Release|iPhone
		{E644D75F-2819-4CA5-9B9B-BB6F40FC1C89}.Release|iPhone.Build.0 = Release|iPhone
		{E644D75F-2819-4CA5-9B9B-BB6F40FC1C89}.Release|iPhone.Deploy.0 = Release|iPhone
		{E644D75F-2819-4CA5-9B9B-BB6F40FC1C89}.Release|iPhoneSimulator.ActiveCfg = Release|iPhoneSimulator
		{E644D75F-2819-4CA5-9B9B-BB6F40FC1C89}.Release|iPhoneSimulator.Build.0 = Release|iPhoneSimulator
		{E644D75F-2819-4CA5-9B9B-BB6F40FC1C89}.Release|iPhoneSimulator.Deploy.0 = Release|iPhoneSimulator
		{37CCC87A-E4CA-447E-B59A-D9238655DB8A}.Ad-Hoc|Any CPU.ActiveCfg = Debug|Any CPU
		{37CCC87A-E4CA-447E-B59A-D9238655DB8A}.Ad-Hoc|Any CPU.Build.0 = Debug|Any CPU
		{37CCC87A-E4CA-447E-B59A-D9238655DB8A}.Ad-Hoc|Any CPU.Deploy.0 = Debug|Any CPU
		{37CCC87A-E4CA-447E-B59A-D9238655DB8A}.Ad-Hoc|iPhone.ActiveCfg = Debug|Any CPU
		{37CCC87A-E4CA-447E-B59A-D9238655DB8A}.Ad-Hoc|iPhone.Build.0 = Debug|Any CPU
		{37CCC87A-E4CA-447E-B59A-D9238655DB8A}.Ad-Hoc|iPhone.Deploy.0 = Debug|Any CPU
		{37CCC87A-E4CA-447E-B59A-D9238655DB8A}.Ad-Hoc|iPhoneSimulator.ActiveCfg = Debug|Any CPU
		{37CCC87A-E4CA-447E-B59A-D9238655DB8A}.Ad-Hoc|iPhoneSimulator.Build.0 = Debug|Any CPU
		{37CCC87A-E4CA-447E-B59A-D9238655DB8A}.Ad-Hoc|iPhoneSimulator.Deploy.0 = Debug|Any CPU
		{37CCC87A-E4CA-447E-B59A-D9238655DB8A}.AppStore|Any CPU.ActiveCfg = Debug|Any CPU
		{37CCC87A-E4CA-447E-B59A-D9238655DB8A}.AppStore|Any CPU.Build.0 = Debug|Any CPU
		{37CCC87A-E4CA-447E-B59A-D9238655DB8A}.AppStore|Any CPU.Deploy.0 = Debug|Any CPU
		{37CCC87A-E4CA-447E-B59A-D9238655DB8A}.AppStore|iPhone.ActiveCfg = Debug|Any CPU
		{37CCC87A-E4CA-447E-B59A-D9238655DB8A}.AppStore|iPhone.Build.0 = Debug|Any CPU
		{37CCC87A-E4CA-447E-B59A-D9238655DB8A}.AppStore|iPhone.Deploy.0 = Debug|Any CPU
		{37CCC87A-E4CA-447E-B59A-D9238655DB8A}.AppStore|iPhoneSimulator.ActiveCfg = Debug|Any CPU
		{37CCC87A-E4CA-447E-B59A-D9238655DB8A}.AppStore|iPhoneSimulator.Build.0 = Debug|Any CPU
		{37CCC87A-E4CA-447E-B59A-D9238655DB8A}.AppStore|iPhoneSimulator.Deploy.0 = Debug|Any CPU
		{37CCC87A-E4CA-447E-B59A-D9238655DB8A}.Debug|Any CPU.ActiveCfg = Debug|Any CPU
		{37CCC87A-E4CA-447E-B59A-D9238655DB8A}.Debug|Any CPU.Build.0 = Debug|Any CPU
		{37CCC87A-E4CA-447E-B59A-D9238655DB8A}.Debug|Any CPU.Deploy.0 = Debug|Any CPU
		{37CCC87A-E4CA-447E-B59A-D9238655DB8A}.Debug|iPhone.ActiveCfg = Debug|Any CPU
		{37CCC87A-E4CA-447E-B59A-D9238655DB8A}.Debug|iPhone.Build.0 = Debug|Any CPU
		{37CCC87A-E4CA-447E-B59A-D9238655DB8A}.Debug|iPhone.Deploy.0 = Debug|Any CPU
		{37CCC87A-E4CA-447E-B59A-D9238655DB8A}.Debug|iPhoneSimulator.ActiveCfg = Debug|Any CPU
		{37CCC87A-E4CA-447E-B59A-D9238655DB8A}.Debug|iPhoneSimulator.Build.0 = Debug|Any CPU
		{37CCC87A-E4CA-447E-B59A-D9238655DB8A}.Debug|iPhoneSimulator.Deploy.0 = Debug|Any CPU
		{37CCC87A-E4CA-447E-B59A-D9238655DB8A}.Release|Any CPU.ActiveCfg = Release|Any CPU
		{37CCC87A-E4CA-447E-B59A-D9238655DB8A}.Release|Any CPU.Build.0 = Release|Any CPU
		{37CCC87A-E4CA-447E-B59A-D9238655DB8A}.Release|Any CPU.Deploy.0 = Release|Any CPU
		{37CCC87A-E4CA-447E-B59A-D9238655DB8A}.Release|iPhone.ActiveCfg = Release|Any CPU
		{37CCC87A-E4CA-447E-B59A-D9238655DB8A}.Release|iPhone.Build.0 = Release|Any CPU
		{37CCC87A-E4CA-447E-B59A-D9238655DB8A}.Release|iPhone.Deploy.0 = Release|Any CPU
		{37CCC87A-E4CA-447E-B59A-D9238655DB8A}.Release|iPhoneSimulator.ActiveCfg = Release|Any CPU
		{37CCC87A-E4CA-447E-B59A-D9238655DB8A}.Release|iPhoneSimulator.Build.0 = Release|Any CPU
		{37CCC87A-E4CA-447E-B59A-D9238655DB8A}.Release|iPhoneSimulator.Deploy.0 = Release|Any CPU
		{4C000F37-C099-4A73-B2D8-80EDBC3514BC}.Ad-Hoc|Any CPU.ActiveCfg = Debug|Any CPU
		{4C000F37-C099-4A73-B2D8-80EDBC3514BC}.Ad-Hoc|Any CPU.Build.0 = Debug|Any CPU
		{4C000F37-C099-4A73-B2D8-80EDBC3514BC}.Ad-Hoc|iPhone.ActiveCfg = Debug|Any CPU
		{4C000F37-C099-4A73-B2D8-80EDBC3514BC}.Ad-Hoc|iPhone.Build.0 = Debug|Any CPU
		{4C000F37-C099-4A73-B2D8-80EDBC3514BC}.Ad-Hoc|iPhoneSimulator.ActiveCfg = Debug|Any CPU
		{4C000F37-C099-4A73-B2D8-80EDBC3514BC}.Ad-Hoc|iPhoneSimulator.Build.0 = Debug|Any CPU
		{4C000F37-C099-4A73-B2D8-80EDBC3514BC}.AppStore|Any CPU.ActiveCfg = Debug|Any CPU
		{4C000F37-C099-4A73-B2D8-80EDBC3514BC}.AppStore|Any CPU.Build.0 = Debug|Any CPU
		{4C000F37-C099-4A73-B2D8-80EDBC3514BC}.AppStore|iPhone.ActiveCfg = Debug|Any CPU
		{4C000F37-C099-4A73-B2D8-80EDBC3514BC}.AppStore|iPhone.Build.0 = Debug|Any CPU
		{4C000F37-C099-4A73-B2D8-80EDBC3514BC}.AppStore|iPhoneSimulator.ActiveCfg = Debug|Any CPU
		{4C000F37-C099-4A73-B2D8-80EDBC3514BC}.AppStore|iPhoneSimulator.Build.0 = Debug|Any CPU
		{4C000F37-C099-4A73-B2D8-80EDBC3514BC}.Debug|Any CPU.ActiveCfg = Debug|Any CPU
		{4C000F37-C099-4A73-B2D8-80EDBC3514BC}.Debug|Any CPU.Build.0 = Debug|Any CPU
		{4C000F37-C099-4A73-B2D8-80EDBC3514BC}.Debug|iPhone.ActiveCfg = Debug|Any CPU
		{4C000F37-C099-4A73-B2D8-80EDBC3514BC}.Debug|iPhone.Build.0 = Debug|Any CPU
		{4C000F37-C099-4A73-B2D8-80EDBC3514BC}.Debug|iPhoneSimulator.ActiveCfg = Debug|Any CPU
		{4C000F37-C099-4A73-B2D8-80EDBC3514BC}.Debug|iPhoneSimulator.Build.0 = Debug|Any CPU
		{4C000F37-C099-4A73-B2D8-80EDBC3514BC}.Release|Any CPU.ActiveCfg = Release|Any CPU
		{4C000F37-C099-4A73-B2D8-80EDBC3514BC}.Release|Any CPU.Build.0 = Release|Any CPU
		{4C000F37-C099-4A73-B2D8-80EDBC3514BC}.Release|iPhone.ActiveCfg = Release|Any CPU
		{4C000F37-C099-4A73-B2D8-80EDBC3514BC}.Release|iPhone.Build.0 = Release|Any CPU
		{4C000F37-C099-4A73-B2D8-80EDBC3514BC}.Release|iPhoneSimulator.ActiveCfg = Release|Any CPU
		{4C000F37-C099-4A73-B2D8-80EDBC3514BC}.Release|iPhoneSimulator.Build.0 = Release|Any CPU
		{1105706E-39A3-4912-BB39-99509939F9CF}.Ad-Hoc|Any CPU.ActiveCfg = Debug|Any CPU
		{1105706E-39A3-4912-BB39-99509939F9CF}.Ad-Hoc|Any CPU.Build.0 = Debug|Any CPU
		{1105706E-39A3-4912-BB39-99509939F9CF}.Ad-Hoc|iPhone.ActiveCfg = Debug|Any CPU
		{1105706E-39A3-4912-BB39-99509939F9CF}.Ad-Hoc|iPhone.Build.0 = Debug|Any CPU
		{1105706E-39A3-4912-BB39-99509939F9CF}.Ad-Hoc|iPhoneSimulator.ActiveCfg = Debug|Any CPU
		{1105706E-39A3-4912-BB39-99509939F9CF}.Ad-Hoc|iPhoneSimulator.Build.0 = Debug|Any CPU
		{1105706E-39A3-4912-BB39-99509939F9CF}.AppStore|Any CPU.ActiveCfg = Debug|Any CPU
		{1105706E-39A3-4912-BB39-99509939F9CF}.AppStore|Any CPU.Build.0 = Debug|Any CPU
		{1105706E-39A3-4912-BB39-99509939F9CF}.AppStore|iPhone.ActiveCfg = Debug|Any CPU
		{1105706E-39A3-4912-BB39-99509939F9CF}.AppStore|iPhone.Build.0 = Debug|Any CPU
		{1105706E-39A3-4912-BB39-99509939F9CF}.AppStore|iPhoneSimulator.ActiveCfg = Debug|Any CPU
		{1105706E-39A3-4912-BB39-99509939F9CF}.AppStore|iPhoneSimulator.Build.0 = Debug|Any CPU
		{1105706E-39A3-4912-BB39-99509939F9CF}.Debug|Any CPU.ActiveCfg = Debug|Any CPU
		{1105706E-39A3-4912-BB39-99509939F9CF}.Debug|Any CPU.Build.0 = Debug|Any CPU
		{1105706E-39A3-4912-BB39-99509939F9CF}.Debug|iPhone.ActiveCfg = Debug|Any CPU
		{1105706E-39A3-4912-BB39-99509939F9CF}.Debug|iPhone.Build.0 = Debug|Any CPU
		{1105706E-39A3-4912-BB39-99509939F9CF}.Debug|iPhoneSimulator.ActiveCfg = Debug|Any CPU
		{1105706E-39A3-4912-BB39-99509939F9CF}.Debug|iPhoneSimulator.Build.0 = Debug|Any CPU
		{1105706E-39A3-4912-BB39-99509939F9CF}.Release|Any CPU.ActiveCfg = Release|Any CPU
		{1105706E-39A3-4912-BB39-99509939F9CF}.Release|Any CPU.Build.0 = Release|Any CPU
		{1105706E-39A3-4912-BB39-99509939F9CF}.Release|iPhone.ActiveCfg = Release|Any CPU
		{1105706E-39A3-4912-BB39-99509939F9CF}.Release|iPhone.Build.0 = Release|Any CPU
		{1105706E-39A3-4912-BB39-99509939F9CF}.Release|iPhoneSimulator.ActiveCfg = Release|Any CPU
		{1105706E-39A3-4912-BB39-99509939F9CF}.Release|iPhoneSimulator.Build.0 = Release|Any CPU
	EndGlobalSection
	GlobalSection(SolutionProperties) = preSolution
		HideSolutionNode = FALSE
	EndGlobalSection
	GlobalSection(ExtensibilityGlobals) = postSolution
		SolutionGuid = {E9D7D1DE-5828-4FBD-A75C-ADA08AEF6C8A}
	EndGlobalSection
EndGlobal
