
Microsoft Visual Studio Solution File, Format Version 12.00
# Visual Studio 15
VisualStudioVersion = 15.0.28307.1062
MinimumVisualStudioVersion = 10.0.40219.1
Project("{9A19103F-16F7-4668-BE54-9A1E7A4F7556}") = "Veterinary", "Veterinary\Veterinary\Veterinary.csproj", "{37CCC87A-E4CA-447E-B59A-D9238655DB8A}"
EndProject
Project("{9A19103F-16F7-4668-BE54-9A1E7A4F7556}") = "Veterinary.Common", "Veterinary.Common\Veterinary.Common.csproj", "{4C000F37-C099-4A73-B2D8-80EDBC3514BC}"
EndProject
Project("{9A19103F-16F7-4668-BE54-9A1E7A4F7556}") = "Veterinary.Web", "Veterinary.Web\Veterinary.Web.csproj", "{1105706E-39A3-4912-BB39-99509939F9CF}"
EndProject
Project("{FAE04EC0-301F-11D3-BF4B-00C04F79EFBC}") = "Veterinary.Prism", "Veterinary.Prism\Veterinary.Prism\Veterinary.Prism.csproj", "{8683DA37-429F-4C37-B949-95659FC4BF0D}"
EndProject
Project("{FAE04EC0-301F-11D3-BF4B-00C04F79EFBC}") = "Veterinary.Prism.Android", "Veterinary.Prism\Veterinary.Prism.Android\Veterinary.Prism.Android.csproj", "{D3841B04-00EF-4EB3-8290-C12B0DDC4A47}"
EndProject
Project("{FAE04EC0-301F-11D3-BF4B-00C04F79EFBC}") = "Veterinary.Prism.iOS", "Veterinary.Prism\Veterinary.Prism.iOS\Veterinary.Prism.iOS.csproj", "{3D38D1E9-67B6-4776-BAB7-A44BC16C04EC}"
EndProject
Project("{FAE04EC0-301F-11D3-BF4B-00C04F79EFBC}") = "Veterinary.Prism.UWP", "Veterinary.Prism\Veterinary.Prism.UWP\Veterinary.Prism.UWP.csproj", "{C20283D2-DEAF-4577-B985-316BAD5102F2}"
EndProject
Global
	GlobalSection(SolutionConfigurationPlatforms) = preSolution
		Ad-Hoc|Any CPU = Ad-Hoc|Any CPU
		Ad-Hoc|ARM = Ad-Hoc|ARM
		Ad-Hoc|iPhone = Ad-Hoc|iPhone
		Ad-Hoc|iPhoneSimulator = Ad-Hoc|iPhoneSimulator
		Ad-Hoc|x64 = Ad-Hoc|x64
		Ad-Hoc|x86 = Ad-Hoc|x86
		AppStore|Any CPU = AppStore|Any CPU
		AppStore|ARM = AppStore|ARM
		AppStore|iPhone = AppStore|iPhone
		AppStore|iPhoneSimulator = AppStore|iPhoneSimulator
		AppStore|x64 = AppStore|x64
		AppStore|x86 = AppStore|x86
		Debug|Any CPU = Debug|Any CPU
		Debug|ARM = Debug|ARM
		Debug|iPhone = Debug|iPhone
		Debug|iPhoneSimulator = Debug|iPhoneSimulator
		Debug|x64 = Debug|x64
		Debug|x86 = Debug|x86
		Release|Any CPU = Release|Any CPU
		Release|ARM = Release|ARM
		Release|iPhone = Release|iPhone
		Release|iPhoneSimulator = Release|iPhoneSimulator
		Release|x64 = Release|x64
		Release|x86 = Release|x86
	EndGlobalSection
	GlobalSection(ProjectConfigurationPlatforms) = postSolution
		{37CCC87A-E4CA-447E-B59A-D9238655DB8A}.Ad-Hoc|Any CPU.ActiveCfg = Debug|Any CPU
		{37CCC87A-E4CA-447E-B59A-D9238655DB8A}.Ad-Hoc|Any CPU.Build.0 = Debug|Any CPU
		{37CCC87A-E4CA-447E-B59A-D9238655DB8A}.Ad-Hoc|Any CPU.Deploy.0 = Debug|Any CPU
		{37CCC87A-E4CA-447E-B59A-D9238655DB8A}.Ad-Hoc|ARM.ActiveCfg = Release|Any CPU
		{37CCC87A-E4CA-447E-B59A-D9238655DB8A}.Ad-Hoc|ARM.Build.0 = Release|Any CPU
		{37CCC87A-E4CA-447E-B59A-D9238655DB8A}.Ad-Hoc|iPhone.ActiveCfg = Debug|Any CPU
		{37CCC87A-E4CA-447E-B59A-D9238655DB8A}.Ad-Hoc|iPhone.Build.0 = Debug|Any CPU
		{37CCC87A-E4CA-447E-B59A-D9238655DB8A}.Ad-Hoc|iPhone.Deploy.0 = Debug|Any CPU
		{37CCC87A-E4CA-447E-B59A-D9238655DB8A}.Ad-Hoc|iPhoneSimulator.ActiveCfg = Debug|Any CPU
		{37CCC87A-E4CA-447E-B59A-D9238655DB8A}.Ad-Hoc|iPhoneSimulator.Build.0 = Debug|Any CPU
		{37CCC87A-E4CA-447E-B59A-D9238655DB8A}.Ad-Hoc|iPhoneSimulator.Deploy.0 = Debug|Any CPU
		{37CCC87A-E4CA-447E-B59A-D9238655DB8A}.Ad-Hoc|x64.ActiveCfg = Release|Any CPU
		{37CCC87A-E4CA-447E-B59A-D9238655DB8A}.Ad-Hoc|x64.Build.0 = Release|Any CPU
		{37CCC87A-E4CA-447E-B59A-D9238655DB8A}.Ad-Hoc|x86.ActiveCfg = Release|Any CPU
		{37CCC87A-E4CA-447E-B59A-D9238655DB8A}.Ad-Hoc|x86.Build.0 = Release|Any CPU
		{37CCC87A-E4CA-447E-B59A-D9238655DB8A}.AppStore|Any CPU.ActiveCfg = Debug|Any CPU
		{37CCC87A-E4CA-447E-B59A-D9238655DB8A}.AppStore|Any CPU.Build.0 = Debug|Any CPU
		{37CCC87A-E4CA-447E-B59A-D9238655DB8A}.AppStore|Any CPU.Deploy.0 = Debug|Any CPU
		{37CCC87A-E4CA-447E-B59A-D9238655DB8A}.AppStore|ARM.ActiveCfg = Release|Any CPU
		{37CCC87A-E4CA-447E-B59A-D9238655DB8A}.AppStore|ARM.Build.0 = Release|Any CPU
		{37CCC87A-E4CA-447E-B59A-D9238655DB8A}.AppStore|iPhone.ActiveCfg = Debug|Any CPU
		{37CCC87A-E4CA-447E-B59A-D9238655DB8A}.AppStore|iPhone.Build.0 = Debug|Any CPU
		{37CCC87A-E4CA-447E-B59A-D9238655DB8A}.AppStore|iPhone.Deploy.0 = Debug|Any CPU
		{37CCC87A-E4CA-447E-B59A-D9238655DB8A}.AppStore|iPhoneSimulator.ActiveCfg = Debug|Any CPU
		{37CCC87A-E4CA-447E-B59A-D9238655DB8A}.AppStore|iPhoneSimulator.Build.0 = Debug|Any CPU
		{37CCC87A-E4CA-447E-B59A-D9238655DB8A}.AppStore|iPhoneSimulator.Deploy.0 = Debug|Any CPU
		{37CCC87A-E4CA-447E-B59A-D9238655DB8A}.AppStore|x64.ActiveCfg = Release|Any CPU
		{37CCC87A-E4CA-447E-B59A-D9238655DB8A}.AppStore|x64.Build.0 = Release|Any CPU
		{37CCC87A-E4CA-447E-B59A-D9238655DB8A}.AppStore|x86.ActiveCfg = Release|Any CPU
		{37CCC87A-E4CA-447E-B59A-D9238655DB8A}.AppStore|x86.Build.0 = Release|Any CPU
		{37CCC87A-E4CA-447E-B59A-D9238655DB8A}.Debug|Any CPU.ActiveCfg = Debug|Any CPU
		{37CCC87A-E4CA-447E-B59A-D9238655DB8A}.Debug|Any CPU.Build.0 = Debug|Any CPU
		{37CCC87A-E4CA-447E-B59A-D9238655DB8A}.Debug|Any CPU.Deploy.0 = Debug|Any CPU
		{37CCC87A-E4CA-447E-B59A-D9238655DB8A}.Debug|ARM.ActiveCfg = Debug|Any CPU
		{37CCC87A-E4CA-447E-B59A-D9238655DB8A}.Debug|ARM.Build.0 = Debug|Any CPU
		{37CCC87A-E4CA-447E-B59A-D9238655DB8A}.Debug|iPhone.ActiveCfg = Debug|Any CPU
		{37CCC87A-E4CA-447E-B59A-D9238655DB8A}.Debug|iPhone.Build.0 = Debug|Any CPU
		{37CCC87A-E4CA-447E-B59A-D9238655DB8A}.Debug|iPhone.Deploy.0 = Debug|Any CPU
		{37CCC87A-E4CA-447E-B59A-D9238655DB8A}.Debug|iPhoneSimulator.ActiveCfg = Debug|Any CPU
		{37CCC87A-E4CA-447E-B59A-D9238655DB8A}.Debug|iPhoneSimulator.Build.0 = Debug|Any CPU
		{37CCC87A-E4CA-447E-B59A-D9238655DB8A}.Debug|iPhoneSimulator.Deploy.0 = Debug|Any CPU
		{37CCC87A-E4CA-447E-B59A-D9238655DB8A}.Debug|x64.ActiveCfg = Debug|Any CPU
		{37CCC87A-E4CA-447E-B59A-D9238655DB8A}.Debug|x64.Build.0 = Debug|Any CPU
		{37CCC87A-E4CA-447E-B59A-D9238655DB8A}.Debug|x86.ActiveCfg = Debug|Any CPU
		{37CCC87A-E4CA-447E-B59A-D9238655DB8A}.Debug|x86.Build.0 = Debug|Any CPU
		{37CCC87A-E4CA-447E-B59A-D9238655DB8A}.Release|Any CPU.ActiveCfg = Release|Any CPU
		{37CCC87A-E4CA-447E-B59A-D9238655DB8A}.Release|Any CPU.Build.0 = Release|Any CPU
		{37CCC87A-E4CA-447E-B59A-D9238655DB8A}.Release|Any CPU.Deploy.0 = Release|Any CPU
		{37CCC87A-E4CA-447E-B59A-D9238655DB8A}.Release|ARM.ActiveCfg = Release|Any CPU
		{37CCC87A-E4CA-447E-B59A-D9238655DB8A}.Release|ARM.Build.0 = Release|Any CPU
		{37CCC87A-E4CA-447E-B59A-D9238655DB8A}.Release|iPhone.ActiveCfg = Release|Any CPU
		{37CCC87A-E4CA-447E-B59A-D9238655DB8A}.Release|iPhone.Build.0 = Release|Any CPU
		{37CCC87A-E4CA-447E-B59A-D9238655DB8A}.Release|iPhone.Deploy.0 = Release|Any CPU
		{37CCC87A-E4CA-447E-B59A-D9238655DB8A}.Release|iPhoneSimulator.ActiveCfg = Release|Any CPU
		{37CCC87A-E4CA-447E-B59A-D9238655DB8A}.Release|iPhoneSimulator.Build.0 = Release|Any CPU
		{37CCC87A-E4CA-447E-B59A-D9238655DB8A}.Release|iPhoneSimulator.Deploy.0 = Release|Any CPU
		{37CCC87A-E4CA-447E-B59A-D9238655DB8A}.Release|x64.ActiveCfg = Release|Any CPU
		{37CCC87A-E4CA-447E-B59A-D9238655DB8A}.Release|x64.Build.0 = Release|Any CPU
		{37CCC87A-E4CA-447E-B59A-D9238655DB8A}.Release|x86.ActiveCfg = Release|Any CPU
		{37CCC87A-E4CA-447E-B59A-D9238655DB8A}.Release|x86.Build.0 = Release|Any CPU
		{4C000F37-C099-4A73-B2D8-80EDBC3514BC}.Ad-Hoc|Any CPU.ActiveCfg = Debug|Any CPU
		{4C000F37-C099-4A73-B2D8-80EDBC3514BC}.Ad-Hoc|Any CPU.Build.0 = Debug|Any CPU
		{4C000F37-C099-4A73-B2D8-80EDBC3514BC}.Ad-Hoc|ARM.ActiveCfg = Release|Any CPU
		{4C000F37-C099-4A73-B2D8-80EDBC3514BC}.Ad-Hoc|ARM.Build.0 = Release|Any CPU
		{4C000F37-C099-4A73-B2D8-80EDBC3514BC}.Ad-Hoc|iPhone.ActiveCfg = Debug|Any CPU
		{4C000F37-C099-4A73-B2D8-80EDBC3514BC}.Ad-Hoc|iPhone.Build.0 = Debug|Any CPU
		{4C000F37-C099-4A73-B2D8-80EDBC3514BC}.Ad-Hoc|iPhoneSimulator.ActiveCfg = Debug|Any CPU
		{4C000F37-C099-4A73-B2D8-80EDBC3514BC}.Ad-Hoc|iPhoneSimulator.Build.0 = Debug|Any CPU
		{4C000F37-C099-4A73-B2D8-80EDBC3514BC}.Ad-Hoc|x64.ActiveCfg = Release|Any CPU
		{4C000F37-C099-4A73-B2D8-80EDBC3514BC}.Ad-Hoc|x64.Build.0 = Release|Any CPU
		{4C000F37-C099-4A73-B2D8-80EDBC3514BC}.Ad-Hoc|x86.ActiveCfg = Release|Any CPU
		{4C000F37-C099-4A73-B2D8-80EDBC3514BC}.Ad-Hoc|x86.Build.0 = Release|Any CPU
		{4C000F37-C099-4A73-B2D8-80EDBC3514BC}.AppStore|Any CPU.ActiveCfg = Debug|Any CPU
		{4C000F37-C099-4A73-B2D8-80EDBC3514BC}.AppStore|Any CPU.Build.0 = Debug|Any CPU
		{4C000F37-C099-4A73-B2D8-80EDBC3514BC}.AppStore|ARM.ActiveCfg = Release|Any CPU
		{4C000F37-C099-4A73-B2D8-80EDBC3514BC}.AppStore|ARM.Build.0 = Release|Any CPU
		{4C000F37-C099-4A73-B2D8-80EDBC3514BC}.AppStore|iPhone.ActiveCfg = Debug|Any CPU
		{4C000F37-C099-4A73-B2D8-80EDBC3514BC}.AppStore|iPhone.Build.0 = Debug|Any CPU
		{4C000F37-C099-4A73-B2D8-80EDBC3514BC}.AppStore|iPhoneSimulator.ActiveCfg = Debug|Any CPU
		{4C000F37-C099-4A73-B2D8-80EDBC3514BC}.AppStore|iPhoneSimulator.Build.0 = Debug|Any CPU
		{4C000F37-C099-4A73-B2D8-80EDBC3514BC}.AppStore|x64.ActiveCfg = Release|Any CPU
		{4C000F37-C099-4A73-B2D8-80EDBC3514BC}.AppStore|x64.Build.0 = Release|Any CPU
		{4C000F37-C099-4A73-B2D8-80EDBC3514BC}.AppStore|x86.ActiveCfg = Release|Any CPU
		{4C000F37-C099-4A73-B2D8-80EDBC3514BC}.AppStore|x86.Build.0 = Release|Any CPU
		{4C000F37-C099-4A73-B2D8-80EDBC3514BC}.Debug|Any CPU.ActiveCfg = Debug|Any CPU
		{4C000F37-C099-4A73-B2D8-80EDBC3514BC}.Debug|Any CPU.Build.0 = Debug|Any CPU
		{4C000F37-C099-4A73-B2D8-80EDBC3514BC}.Debug|ARM.ActiveCfg = Debug|Any CPU
		{4C000F37-C099-4A73-B2D8-80EDBC3514BC}.Debug|ARM.Build.0 = Debug|Any CPU
		{4C000F37-C099-4A73-B2D8-80EDBC3514BC}.Debug|iPhone.ActiveCfg = Debug|Any CPU
		{4C000F37-C099-4A73-B2D8-80EDBC3514BC}.Debug|iPhone.Build.0 = Debug|Any CPU
		{4C000F37-C099-4A73-B2D8-80EDBC3514BC}.Debug|iPhoneSimulator.ActiveCfg = Debug|Any CPU
		{4C000F37-C099-4A73-B2D8-80EDBC3514BC}.Debug|iPhoneSimulator.Build.0 = Debug|Any CPU
		{4C000F37-C099-4A73-B2D8-80EDBC3514BC}.Debug|x64.ActiveCfg = Debug|Any CPU
		{4C000F37-C099-4A73-B2D8-80EDBC3514BC}.Debug|x64.Build.0 = Debug|Any CPU
		{4C000F37-C099-4A73-B2D8-80EDBC3514BC}.Debug|x86.ActiveCfg = Debug|Any CPU
		{4C000F37-C099-4A73-B2D8-80EDBC3514BC}.Debug|x86.Build.0 = Debug|Any CPU
		{4C000F37-C099-4A73-B2D8-80EDBC3514BC}.Release|Any CPU.ActiveCfg = Release|Any CPU
		{4C000F37-C099-4A73-B2D8-80EDBC3514BC}.Release|Any CPU.Build.0 = Release|Any CPU
		{4C000F37-C099-4A73-B2D8-80EDBC3514BC}.Release|ARM.ActiveCfg = Release|Any CPU
		{4C000F37-C099-4A73-B2D8-80EDBC3514BC}.Release|ARM.Build.0 = Release|Any CPU
		{4C000F37-C099-4A73-B2D8-80EDBC3514BC}.Release|iPhone.ActiveCfg = Release|Any CPU
		{4C000F37-C099-4A73-B2D8-80EDBC3514BC}.Release|iPhone.Build.0 = Release|Any CPU
		{4C000F37-C099-4A73-B2D8-80EDBC3514BC}.Release|iPhoneSimulator.ActiveCfg = Release|Any CPU
		{4C000F37-C099-4A73-B2D8-80EDBC3514BC}.Release|iPhoneSimulator.Build.0 = Release|Any CPU
		{4C000F37-C099-4A73-B2D8-80EDBC3514BC}.Release|x64.ActiveCfg = Release|Any CPU
		{4C000F37-C099-4A73-B2D8-80EDBC3514BC}.Release|x64.Build.0 = Release|Any CPU
		{4C000F37-C099-4A73-B2D8-80EDBC3514BC}.Release|x86.ActiveCfg = Release|Any CPU
		{4C000F37-C099-4A73-B2D8-80EDBC3514BC}.Release|x86.Build.0 = Release|Any CPU
		{1105706E-39A3-4912-BB39-99509939F9CF}.Ad-Hoc|Any CPU.ActiveCfg = Debug|Any CPU
		{1105706E-39A3-4912-BB39-99509939F9CF}.Ad-Hoc|Any CPU.Build.0 = Debug|Any CPU
		{1105706E-39A3-4912-BB39-99509939F9CF}.Ad-Hoc|ARM.ActiveCfg = Release|Any CPU
		{1105706E-39A3-4912-BB39-99509939F9CF}.Ad-Hoc|ARM.Build.0 = Release|Any CPU
		{1105706E-39A3-4912-BB39-99509939F9CF}.Ad-Hoc|iPhone.ActiveCfg = Debug|Any CPU
		{1105706E-39A3-4912-BB39-99509939F9CF}.Ad-Hoc|iPhone.Build.0 = Debug|Any CPU
		{1105706E-39A3-4912-BB39-99509939F9CF}.Ad-Hoc|iPhoneSimulator.ActiveCfg = Debug|Any CPU
		{1105706E-39A3-4912-BB39-99509939F9CF}.Ad-Hoc|iPhoneSimulator.Build.0 = Debug|Any CPU
		{1105706E-39A3-4912-BB39-99509939F9CF}.Ad-Hoc|x64.ActiveCfg = Release|Any CPU
		{1105706E-39A3-4912-BB39-99509939F9CF}.Ad-Hoc|x64.Build.0 = Release|Any CPU
		{1105706E-39A3-4912-BB39-99509939F9CF}.Ad-Hoc|x86.ActiveCfg = Release|Any CPU
		{1105706E-39A3-4912-BB39-99509939F9CF}.Ad-Hoc|x86.Build.0 = Release|Any CPU
		{1105706E-39A3-4912-BB39-99509939F9CF}.AppStore|Any CPU.ActiveCfg = Debug|Any CPU
		{1105706E-39A3-4912-BB39-99509939F9CF}.AppStore|Any CPU.Build.0 = Debug|Any CPU
		{1105706E-39A3-4912-BB39-99509939F9CF}.AppStore|ARM.ActiveCfg = Release|Any CPU
		{1105706E-39A3-4912-BB39-99509939F9CF}.AppStore|ARM.Build.0 = Release|Any CPU
		{1105706E-39A3-4912-BB39-99509939F9CF}.AppStore|iPhone.ActiveCfg = Debug|Any CPU
		{1105706E-39A3-4912-BB39-99509939F9CF}.AppStore|iPhone.Build.0 = Debug|Any CPU
		{1105706E-39A3-4912-BB39-99509939F9CF}.AppStore|iPhoneSimulator.ActiveCfg = Debug|Any CPU
		{1105706E-39A3-4912-BB39-99509939F9CF}.AppStore|iPhoneSimulator.Build.0 = Debug|Any CPU
		{1105706E-39A3-4912-BB39-99509939F9CF}.AppStore|x64.ActiveCfg = Release|Any CPU
		{1105706E-39A3-4912-BB39-99509939F9CF}.AppStore|x64.Build.0 = Release|Any CPU
		{1105706E-39A3-4912-BB39-99509939F9CF}.AppStore|x86.ActiveCfg = Release|Any CPU
		{1105706E-39A3-4912-BB39-99509939F9CF}.AppStore|x86.Build.0 = Release|Any CPU
		{1105706E-39A3-4912-BB39-99509939F9CF}.Debug|Any CPU.ActiveCfg = Debug|Any CPU
		{1105706E-39A3-4912-BB39-99509939F9CF}.Debug|Any CPU.Build.0 = Debug|Any CPU
		{1105706E-39A3-4912-BB39-99509939F9CF}.Debug|ARM.ActiveCfg = Debug|Any CPU
		{1105706E-39A3-4912-BB39-99509939F9CF}.Debug|ARM.Build.0 = Debug|Any CPU
		{1105706E-39A3-4912-BB39-99509939F9CF}.Debug|iPhone.ActiveCfg = Debug|Any CPU
		{1105706E-39A3-4912-BB39-99509939F9CF}.Debug|iPhone.Build.0 = Debug|Any CPU
		{1105706E-39A3-4912-BB39-99509939F9CF}.Debug|iPhoneSimulator.ActiveCfg = Debug|Any CPU
		{1105706E-39A3-4912-BB39-99509939F9CF}.Debug|iPhoneSimulator.Build.0 = Debug|Any CPU
		{1105706E-39A3-4912-BB39-99509939F9CF}.Debug|x64.ActiveCfg = Debug|Any CPU
		{1105706E-39A3-4912-BB39-99509939F9CF}.Debug|x64.Build.0 = Debug|Any CPU
		{1105706E-39A3-4912-BB39-99509939F9CF}.Debug|x86.ActiveCfg = Debug|Any CPU
		{1105706E-39A3-4912-BB39-99509939F9CF}.Debug|x86.Build.0 = Debug|Any CPU
		{1105706E-39A3-4912-BB39-99509939F9CF}.Release|Any CPU.ActiveCfg = Release|Any CPU
		{1105706E-39A3-4912-BB39-99509939F9CF}.Release|Any CPU.Build.0 = Release|Any CPU
		{1105706E-39A3-4912-BB39-99509939F9CF}.Release|ARM.ActiveCfg = Release|Any CPU
		{1105706E-39A3-4912-BB39-99509939F9CF}.Release|ARM.Build.0 = Release|Any CPU
		{1105706E-39A3-4912-BB39-99509939F9CF}.Release|iPhone.ActiveCfg = Release|Any CPU
		{1105706E-39A3-4912-BB39-99509939F9CF}.Release|iPhone.Build.0 = Release|Any CPU
		{1105706E-39A3-4912-BB39-99509939F9CF}.Release|iPhoneSimulator.ActiveCfg = Release|Any CPU
		{1105706E-39A3-4912-BB39-99509939F9CF}.Release|iPhoneSimulator.Build.0 = Release|Any CPU
		{1105706E-39A3-4912-BB39-99509939F9CF}.Release|x64.ActiveCfg = Release|Any CPU
		{1105706E-39A3-4912-BB39-99509939F9CF}.Release|x64.Build.0 = Release|Any CPU
		{1105706E-39A3-4912-BB39-99509939F9CF}.Release|x86.ActiveCfg = Release|Any CPU
		{1105706E-39A3-4912-BB39-99509939F9CF}.Release|x86.Build.0 = Release|Any CPU
		{8683DA37-429F-4C37-B949-95659FC4BF0D}.Ad-Hoc|Any CPU.ActiveCfg = Debug|Any CPU
		{8683DA37-429F-4C37-B949-95659FC4BF0D}.Ad-Hoc|Any CPU.Build.0 = Debug|Any CPU
		{8683DA37-429F-4C37-B949-95659FC4BF0D}.Ad-Hoc|ARM.ActiveCfg = Debug|Any CPU
		{8683DA37-429F-4C37-B949-95659FC4BF0D}.Ad-Hoc|ARM.Build.0 = Debug|Any CPU
		{8683DA37-429F-4C37-B949-95659FC4BF0D}.Ad-Hoc|iPhone.ActiveCfg = Debug|Any CPU
		{8683DA37-429F-4C37-B949-95659FC4BF0D}.Ad-Hoc|iPhone.Build.0 = Debug|Any CPU
		{8683DA37-429F-4C37-B949-95659FC4BF0D}.Ad-Hoc|iPhoneSimulator.ActiveCfg = Debug|Any CPU
		{8683DA37-429F-4C37-B949-95659FC4BF0D}.Ad-Hoc|iPhoneSimulator.Build.0 = Debug|Any CPU
		{8683DA37-429F-4C37-B949-95659FC4BF0D}.Ad-Hoc|x64.ActiveCfg = Debug|Any CPU
		{8683DA37-429F-4C37-B949-95659FC4BF0D}.Ad-Hoc|x64.Build.0 = Debug|Any CPU
		{8683DA37-429F-4C37-B949-95659FC4BF0D}.Ad-Hoc|x86.ActiveCfg = Debug|Any CPU
		{8683DA37-429F-4C37-B949-95659FC4BF0D}.Ad-Hoc|x86.Build.0 = Debug|Any CPU
		{8683DA37-429F-4C37-B949-95659FC4BF0D}.AppStore|Any CPU.ActiveCfg = Debug|Any CPU
		{8683DA37-429F-4C37-B949-95659FC4BF0D}.AppStore|Any CPU.Build.0 = Debug|Any CPU
		{8683DA37-429F-4C37-B949-95659FC4BF0D}.AppStore|ARM.ActiveCfg = Debug|Any CPU
		{8683DA37-429F-4C37-B949-95659FC4BF0D}.AppStore|ARM.Build.0 = Debug|Any CPU
		{8683DA37-429F-4C37-B949-95659FC4BF0D}.AppStore|iPhone.ActiveCfg = Debug|Any CPU
		{8683DA37-429F-4C37-B949-95659FC4BF0D}.AppStore|iPhone.Build.0 = Debug|Any CPU
		{8683DA37-429F-4C37-B949-95659FC4BF0D}.AppStore|iPhoneSimulator.ActiveCfg = Debug|Any CPU
		{8683DA37-429F-4C37-B949-95659FC4BF0D}.AppStore|iPhoneSimulator.Build.0 = Debug|Any CPU
		{8683DA37-429F-4C37-B949-95659FC4BF0D}.AppStore|x64.ActiveCfg = Debug|Any CPU
		{8683DA37-429F-4C37-B949-95659FC4BF0D}.AppStore|x64.Build.0 = Debug|Any CPU
		{8683DA37-429F-4C37-B949-95659FC4BF0D}.AppStore|x86.ActiveCfg = Debug|Any CPU
		{8683DA37-429F-4C37-B949-95659FC4BF0D}.AppStore|x86.Build.0 = Debug|Any CPU
		{8683DA37-429F-4C37-B949-95659FC4BF0D}.Debug|Any CPU.ActiveCfg = Debug|Any CPU
		{8683DA37-429F-4C37-B949-95659FC4BF0D}.Debug|Any CPU.Build.0 = Debug|Any CPU
		{8683DA37-429F-4C37-B949-95659FC4BF0D}.Debug|ARM.ActiveCfg = Debug|Any CPU
		{8683DA37-429F-4C37-B949-95659FC4BF0D}.Debug|ARM.Build.0 = Debug|Any CPU
		{8683DA37-429F-4C37-B949-95659FC4BF0D}.Debug|iPhone.ActiveCfg = Debug|Any CPU
		{8683DA37-429F-4C37-B949-95659FC4BF0D}.Debug|iPhone.Build.0 = Debug|Any CPU
		{8683DA37-429F-4C37-B949-95659FC4BF0D}.Debug|iPhoneSimulator.ActiveCfg = Debug|Any CPU
		{8683DA37-429F-4C37-B949-95659FC4BF0D}.Debug|iPhoneSimulator.Build.0 = Debug|Any CPU
		{8683DA37-429F-4C37-B949-95659FC4BF0D}.Debug|x64.ActiveCfg = Debug|Any CPU
		{8683DA37-429F-4C37-B949-95659FC4BF0D}.Debug|x64.Build.0 = Debug|Any CPU
		{8683DA37-429F-4C37-B949-95659FC4BF0D}.Debug|x86.ActiveCfg = Debug|Any CPU
		{8683DA37-429F-4C37-B949-95659FC4BF0D}.Debug|x86.Build.0 = Debug|Any CPU
		{8683DA37-429F-4C37-B949-95659FC4BF0D}.Release|Any CPU.ActiveCfg = Release|Any CPU
		{8683DA37-429F-4C37-B949-95659FC4BF0D}.Release|Any CPU.Build.0 = Release|Any CPU
		{8683DA37-429F-4C37-B949-95659FC4BF0D}.Release|ARM.ActiveCfg = Release|Any CPU
		{8683DA37-429F-4C37-B949-95659FC4BF0D}.Release|ARM.Build.0 = Release|Any CPU
		{8683DA37-429F-4C37-B949-95659FC4BF0D}.Release|iPhone.ActiveCfg = Release|Any CPU
		{8683DA37-429F-4C37-B949-95659FC4BF0D}.Release|iPhone.Build.0 = Release|Any CPU
		{8683DA37-429F-4C37-B949-95659FC4BF0D}.Release|iPhoneSimulator.ActiveCfg = Release|Any CPU
		{8683DA37-429F-4C37-B949-95659FC4BF0D}.Release|iPhoneSimulator.Build.0 = Release|Any CPU
		{8683DA37-429F-4C37-B949-95659FC4BF0D}.Release|x64.ActiveCfg = Release|Any CPU
		{8683DA37-429F-4C37-B949-95659FC4BF0D}.Release|x64.Build.0 = Release|Any CPU
		{8683DA37-429F-4C37-B949-95659FC4BF0D}.Release|x86.ActiveCfg = Release|Any CPU
		{8683DA37-429F-4C37-B949-95659FC4BF0D}.Release|x86.Build.0 = Release|Any CPU
		{D3841B04-00EF-4EB3-8290-C12B0DDC4A47}.Ad-Hoc|Any CPU.ActiveCfg = Release|Any CPU
		{D3841B04-00EF-4EB3-8290-C12B0DDC4A47}.Ad-Hoc|Any CPU.Build.0 = Release|Any CPU
		{D3841B04-00EF-4EB3-8290-C12B0DDC4A47}.Ad-Hoc|Any CPU.Deploy.0 = Release|Any CPU
		{D3841B04-00EF-4EB3-8290-C12B0DDC4A47}.Ad-Hoc|ARM.ActiveCfg = Release|Any CPU
		{D3841B04-00EF-4EB3-8290-C12B0DDC4A47}.Ad-Hoc|ARM.Build.0 = Release|Any CPU
		{D3841B04-00EF-4EB3-8290-C12B0DDC4A47}.Ad-Hoc|ARM.Deploy.0 = Release|Any CPU
		{D3841B04-00EF-4EB3-8290-C12B0DDC4A47}.Ad-Hoc|iPhone.ActiveCfg = Release|Any CPU
		{D3841B04-00EF-4EB3-8290-C12B0DDC4A47}.Ad-Hoc|iPhone.Build.0 = Release|Any CPU
		{D3841B04-00EF-4EB3-8290-C12B0DDC4A47}.Ad-Hoc|iPhone.Deploy.0 = Release|Any CPU
		{D3841B04-00EF-4EB3-8290-C12B0DDC4A47}.Ad-Hoc|iPhoneSimulator.ActiveCfg = Release|Any CPU
		{D3841B04-00EF-4EB3-8290-C12B0DDC4A47}.Ad-Hoc|iPhoneSimulator.Build.0 = Release|Any CPU
		{D3841B04-00EF-4EB3-8290-C12B0DDC4A47}.Ad-Hoc|iPhoneSimulator.Deploy.0 = Release|Any CPU
		{D3841B04-00EF-4EB3-8290-C12B0DDC4A47}.Ad-Hoc|x64.ActiveCfg = Release|Any CPU
		{D3841B04-00EF-4EB3-8290-C12B0DDC4A47}.Ad-Hoc|x64.Build.0 = Release|Any CPU
		{D3841B04-00EF-4EB3-8290-C12B0DDC4A47}.Ad-Hoc|x64.Deploy.0 = Release|Any CPU
		{D3841B04-00EF-4EB3-8290-C12B0DDC4A47}.Ad-Hoc|x86.ActiveCfg = Release|Any CPU
		{D3841B04-00EF-4EB3-8290-C12B0DDC4A47}.Ad-Hoc|x86.Build.0 = Release|Any CPU
		{D3841B04-00EF-4EB3-8290-C12B0DDC4A47}.Ad-Hoc|x86.Deploy.0 = Release|Any CPU
		{D3841B04-00EF-4EB3-8290-C12B0DDC4A47}.AppStore|Any CPU.ActiveCfg = Release|Any CPU
		{D3841B04-00EF-4EB3-8290-C12B0DDC4A47}.AppStore|Any CPU.Build.0 = Release|Any CPU
		{D3841B04-00EF-4EB3-8290-C12B0DDC4A47}.AppStore|Any CPU.Deploy.0 = Release|Any CPU
		{D3841B04-00EF-4EB3-8290-C12B0DDC4A47}.AppStore|ARM.ActiveCfg = Release|Any CPU
		{D3841B04-00EF-4EB3-8290-C12B0DDC4A47}.AppStore|ARM.Build.0 = Release|Any CPU
		{D3841B04-00EF-4EB3-8290-C12B0DDC4A47}.AppStore|ARM.Deploy.0 = Release|Any CPU
		{D3841B04-00EF-4EB3-8290-C12B0DDC4A47}.AppStore|iPhone.ActiveCfg = Release|Any CPU
		{D3841B04-00EF-4EB3-8290-C12B0DDC4A47}.AppStore|iPhone.Build.0 = Release|Any CPU
		{D3841B04-00EF-4EB3-8290-C12B0DDC4A47}.AppStore|iPhone.Deploy.0 = Release|Any CPU
		{D3841B04-00EF-4EB3-8290-C12B0DDC4A47}.AppStore|iPhoneSimulator.ActiveCfg = Release|Any CPU
		{D3841B04-00EF-4EB3-8290-C12B0DDC4A47}.AppStore|iPhoneSimulator.Build.0 = Release|Any CPU
		{D3841B04-00EF-4EB3-8290-C12B0DDC4A47}.AppStore|iPhoneSimulator.Deploy.0 = Release|Any CPU
		{D3841B04-00EF-4EB3-8290-C12B0DDC4A47}.AppStore|x64.ActiveCfg = Release|Any CPU
		{D3841B04-00EF-4EB3-8290-C12B0DDC4A47}.AppStore|x64.Build.0 = Release|Any CPU
		{D3841B04-00EF-4EB3-8290-C12B0DDC4A47}.AppStore|x64.Deploy.0 = Release|Any CPU
		{D3841B04-00EF-4EB3-8290-C12B0DDC4A47}.AppStore|x86.ActiveCfg = Release|Any CPU
		{D3841B04-00EF-4EB3-8290-C12B0DDC4A47}.AppStore|x86.Build.0 = Release|Any CPU
		{D3841B04-00EF-4EB3-8290-C12B0DDC4A47}.AppStore|x86.Deploy.0 = Release|Any CPU
		{D3841B04-00EF-4EB3-8290-C12B0DDC4A47}.Debug|Any CPU.ActiveCfg = Debug|Any CPU
		{D3841B04-00EF-4EB3-8290-C12B0DDC4A47}.Debug|Any CPU.Build.0 = Debug|Any CPU
		{D3841B04-00EF-4EB3-8290-C12B0DDC4A47}.Debug|Any CPU.Deploy.0 = Debug|Any CPU
		{D3841B04-00EF-4EB3-8290-C12B0DDC4A47}.Debug|ARM.ActiveCfg = Debug|Any CPU
		{D3841B04-00EF-4EB3-8290-C12B0DDC4A47}.Debug|ARM.Build.0 = Debug|Any CPU
		{D3841B04-00EF-4EB3-8290-C12B0DDC4A47}.Debug|ARM.Deploy.0 = Debug|Any CPU
		{D3841B04-00EF-4EB3-8290-C12B0DDC4A47}.Debug|iPhone.ActiveCfg = Debug|Any CPU
		{D3841B04-00EF-4EB3-8290-C12B0DDC4A47}.Debug|iPhone.Build.0 = Debug|Any CPU
		{D3841B04-00EF-4EB3-8290-C12B0DDC4A47}.Debug|iPhone.Deploy.0 = Debug|Any CPU
		{D3841B04-00EF-4EB3-8290-C12B0DDC4A47}.Debug|iPhoneSimulator.ActiveCfg = Debug|Any CPU
		{D3841B04-00EF-4EB3-8290-C12B0DDC4A47}.Debug|iPhoneSimulator.Build.0 = Debug|Any CPU
		{D3841B04-00EF-4EB3-8290-C12B0DDC4A47}.Debug|iPhoneSimulator.Deploy.0 = Debug|Any CPU
		{D3841B04-00EF-4EB3-8290-C12B0DDC4A47}.Debug|x64.ActiveCfg = Debug|Any CPU
		{D3841B04-00EF-4EB3-8290-C12B0DDC4A47}.Debug|x64.Build.0 = Debug|Any CPU
		{D3841B04-00EF-4EB3-8290-C12B0DDC4A47}.Debug|x64.Deploy.0 = Debug|Any CPU
		{D3841B04-00EF-4EB3-8290-C12B0DDC4A47}.Debug|x86.ActiveCfg = Debug|Any CPU
		{D3841B04-00EF-4EB3-8290-C12B0DDC4A47}.Debug|x86.Build.0 = Debug|Any CPU
		{D3841B04-00EF-4EB3-8290-C12B0DDC4A47}.Debug|x86.Deploy.0 = Debug|Any CPU
		{D3841B04-00EF-4EB3-8290-C12B0DDC4A47}.Release|Any CPU.ActiveCfg = Release|Any CPU
		{D3841B04-00EF-4EB3-8290-C12B0DDC4A47}.Release|Any CPU.Build.0 = Release|Any CPU
		{D3841B04-00EF-4EB3-8290-C12B0DDC4A47}.Release|Any CPU.Deploy.0 = Release|Any CPU
		{D3841B04-00EF-4EB3-8290-C12B0DDC4A47}.Release|ARM.ActiveCfg = Release|Any CPU
		{D3841B04-00EF-4EB3-8290-C12B0DDC4A47}.Release|ARM.Build.0 = Release|Any CPU
		{D3841B04-00EF-4EB3-8290-C12B0DDC4A47}.Release|ARM.Deploy.0 = Release|Any CPU
		{D3841B04-00EF-4EB3-8290-C12B0DDC4A47}.Release|iPhone.ActiveCfg = Release|Any CPU
		{D3841B04-00EF-4EB3-8290-C12B0DDC4A47}.Release|iPhone.Build.0 = Release|Any CPU
		{D3841B04-00EF-4EB3-8290-C12B0DDC4A47}.Release|iPhone.Deploy.0 = Release|Any CPU
		{D3841B04-00EF-4EB3-8290-C12B0DDC4A47}.Release|iPhoneSimulator.ActiveCfg = Release|Any CPU
		{D3841B04-00EF-4EB3-8290-C12B0DDC4A47}.Release|iPhoneSimulator.Build.0 = Release|Any CPU
		{D3841B04-00EF-4EB3-8290-C12B0DDC4A47}.Release|iPhoneSimulator.Deploy.0 = Release|Any CPU
		{D3841B04-00EF-4EB3-8290-C12B0DDC4A47}.Release|x64.ActiveCfg = Release|Any CPU
		{D3841B04-00EF-4EB3-8290-C12B0DDC4A47}.Release|x64.Build.0 = Release|Any CPU
		{D3841B04-00EF-4EB3-8290-C12B0DDC4A47}.Release|x64.Deploy.0 = Release|Any CPU
		{D3841B04-00EF-4EB3-8290-C12B0DDC4A47}.Release|x86.ActiveCfg = Release|Any CPU
		{D3841B04-00EF-4EB3-8290-C12B0DDC4A47}.Release|x86.Build.0 = Release|Any CPU
		{D3841B04-00EF-4EB3-8290-C12B0DDC4A47}.Release|x86.Deploy.0 = Release|Any CPU
		{3D38D1E9-67B6-4776-BAB7-A44BC16C04EC}.Ad-Hoc|Any CPU.ActiveCfg = Ad-Hoc|iPhone
		{3D38D1E9-67B6-4776-BAB7-A44BC16C04EC}.Ad-Hoc|ARM.ActiveCfg = Ad-Hoc|iPhone
		{3D38D1E9-67B6-4776-BAB7-A44BC16C04EC}.Ad-Hoc|iPhone.ActiveCfg = Ad-Hoc|iPhone
		{3D38D1E9-67B6-4776-BAB7-A44BC16C04EC}.Ad-Hoc|iPhone.Build.0 = Ad-Hoc|iPhone
		{3D38D1E9-67B6-4776-BAB7-A44BC16C04EC}.Ad-Hoc|iPhoneSimulator.ActiveCfg = Ad-Hoc|iPhoneSimulator
		{3D38D1E9-67B6-4776-BAB7-A44BC16C04EC}.Ad-Hoc|iPhoneSimulator.Build.0 = Ad-Hoc|iPhoneSimulator
		{3D38D1E9-67B6-4776-BAB7-A44BC16C04EC}.Ad-Hoc|x64.ActiveCfg = Ad-Hoc|iPhone
		{3D38D1E9-67B6-4776-BAB7-A44BC16C04EC}.Ad-Hoc|x86.ActiveCfg = Ad-Hoc|iPhone
		{3D38D1E9-67B6-4776-BAB7-A44BC16C04EC}.AppStore|Any CPU.ActiveCfg = AppStore|iPhone
		{3D38D1E9-67B6-4776-BAB7-A44BC16C04EC}.AppStore|ARM.ActiveCfg = AppStore|iPhone
		{3D38D1E9-67B6-4776-BAB7-A44BC16C04EC}.AppStore|iPhone.ActiveCfg = AppStore|iPhone
		{3D38D1E9-67B6-4776-BAB7-A44BC16C04EC}.AppStore|iPhone.Build.0 = AppStore|iPhone
		{3D38D1E9-67B6-4776-BAB7-A44BC16C04EC}.AppStore|iPhoneSimulator.ActiveCfg = AppStore|iPhoneSimulator
		{3D38D1E9-67B6-4776-BAB7-A44BC16C04EC}.AppStore|iPhoneSimulator.Build.0 = AppStore|iPhoneSimulator
		{3D38D1E9-67B6-4776-BAB7-A44BC16C04EC}.AppStore|x64.ActiveCfg = AppStore|iPhone
		{3D38D1E9-67B6-4776-BAB7-A44BC16C04EC}.AppStore|x86.ActiveCfg = AppStore|iPhone
		{3D38D1E9-67B6-4776-BAB7-A44BC16C04EC}.Debug|Any CPU.ActiveCfg = Debug|iPhone
		{3D38D1E9-67B6-4776-BAB7-A44BC16C04EC}.Debug|ARM.ActiveCfg = Debug|iPhone
		{3D38D1E9-67B6-4776-BAB7-A44BC16C04EC}.Debug|iPhone.ActiveCfg = Debug|iPhone
		{3D38D1E9-67B6-4776-BAB7-A44BC16C04EC}.Debug|iPhone.Build.0 = Debug|iPhone
		{3D38D1E9-67B6-4776-BAB7-A44BC16C04EC}.Debug|iPhoneSimulator.ActiveCfg = Debug|iPhoneSimulator
		{3D38D1E9-67B6-4776-BAB7-A44BC16C04EC}.Debug|iPhoneSimulator.Build.0 = Debug|iPhoneSimulator
		{3D38D1E9-67B6-4776-BAB7-A44BC16C04EC}.Debug|x64.ActiveCfg = Debug|iPhone
		{3D38D1E9-67B6-4776-BAB7-A44BC16C04EC}.Debug|x86.ActiveCfg = Debug|iPhone
		{3D38D1E9-67B6-4776-BAB7-A44BC16C04EC}.Release|Any CPU.ActiveCfg = Release|iPhone
		{3D38D1E9-67B6-4776-BAB7-A44BC16C04EC}.Release|ARM.ActiveCfg = Release|iPhone
		{3D38D1E9-67B6-4776-BAB7-A44BC16C04EC}.Release|iPhone.ActiveCfg = Release|iPhone
		{3D38D1E9-67B6-4776-BAB7-A44BC16C04EC}.Release|iPhone.Build.0 = Release|iPhone
		{3D38D1E9-67B6-4776-BAB7-A44BC16C04EC}.Release|iPhoneSimulator.ActiveCfg = Release|iPhoneSimulator
		{3D38D1E9-67B6-4776-BAB7-A44BC16C04EC}.Release|iPhoneSimulator.Build.0 = Release|iPhoneSimulator
		{3D38D1E9-67B6-4776-BAB7-A44BC16C04EC}.Release|x64.ActiveCfg = Release|iPhone
		{3D38D1E9-67B6-4776-BAB7-A44BC16C04EC}.Release|x86.ActiveCfg = Release|iPhone
		{C20283D2-DEAF-4577-B985-316BAD5102F2}.Ad-Hoc|Any CPU.ActiveCfg = Release|x86
		{C20283D2-DEAF-4577-B985-316BAD5102F2}.Ad-Hoc|Any CPU.Build.0 = Release|x86
		{C20283D2-DEAF-4577-B985-316BAD5102F2}.Ad-Hoc|Any CPU.Deploy.0 = Release|x86
		{C20283D2-DEAF-4577-B985-316BAD5102F2}.Ad-Hoc|ARM.ActiveCfg = Release|ARM
		{C20283D2-DEAF-4577-B985-316BAD5102F2}.Ad-Hoc|ARM.Build.0 = Release|ARM
		{C20283D2-DEAF-4577-B985-316BAD5102F2}.Ad-Hoc|ARM.Deploy.0 = Release|ARM
		{C20283D2-DEAF-4577-B985-316BAD5102F2}.Ad-Hoc|iPhone.ActiveCfg = Release|x86
		{C20283D2-DEAF-4577-B985-316BAD5102F2}.Ad-Hoc|iPhone.Build.0 = Release|x86
		{C20283D2-DEAF-4577-B985-316BAD5102F2}.Ad-Hoc|iPhone.Deploy.0 = Release|x86
		{C20283D2-DEAF-4577-B985-316BAD5102F2}.Ad-Hoc|iPhoneSimulator.ActiveCfg = Release|x86
		{C20283D2-DEAF-4577-B985-316BAD5102F2}.Ad-Hoc|iPhoneSimulator.Build.0 = Release|x86
		{C20283D2-DEAF-4577-B985-316BAD5102F2}.Ad-Hoc|iPhoneSimulator.Deploy.0 = Release|x86
		{C20283D2-DEAF-4577-B985-316BAD5102F2}.Ad-Hoc|x64.ActiveCfg = Release|x64
		{C20283D2-DEAF-4577-B985-316BAD5102F2}.Ad-Hoc|x64.Build.0 = Release|x64
		{C20283D2-DEAF-4577-B985-316BAD5102F2}.Ad-Hoc|x64.Deploy.0 = Release|x64
		{C20283D2-DEAF-4577-B985-316BAD5102F2}.Ad-Hoc|x86.ActiveCfg = Release|x86
		{C20283D2-DEAF-4577-B985-316BAD5102F2}.Ad-Hoc|x86.Build.0 = Release|x86
		{C20283D2-DEAF-4577-B985-316BAD5102F2}.Ad-Hoc|x86.Deploy.0 = Release|x86
		{C20283D2-DEAF-4577-B985-316BAD5102F2}.AppStore|Any CPU.ActiveCfg = Release|x86
		{C20283D2-DEAF-4577-B985-316BAD5102F2}.AppStore|Any CPU.Build.0 = Release|x86
		{C20283D2-DEAF-4577-B985-316BAD5102F2}.AppStore|Any CPU.Deploy.0 = Release|x86
		{C20283D2-DEAF-4577-B985-316BAD5102F2}.AppStore|ARM.ActiveCfg = Release|ARM
		{C20283D2-DEAF-4577-B985-316BAD5102F2}.AppStore|ARM.Build.0 = Release|ARM
		{C20283D2-DEAF-4577-B985-316BAD5102F2}.AppStore|ARM.Deploy.0 = Release|ARM
		{C20283D2-DEAF-4577-B985-316BAD5102F2}.AppStore|iPhone.ActiveCfg = Release|x86
		{C20283D2-DEAF-4577-B985-316BAD5102F2}.AppStore|iPhone.Build.0 = Release|x86
		{C20283D2-DEAF-4577-B985-316BAD5102F2}.AppStore|iPhone.Deploy.0 = Release|x86
		{C20283D2-DEAF-4577-B985-316BAD5102F2}.AppStore|iPhoneSimulator.ActiveCfg = Release|x86
		{C20283D2-DEAF-4577-B985-316BAD5102F2}.AppStore|iPhoneSimulator.Build.0 = Release|x86
		{C20283D2-DEAF-4577-B985-316BAD5102F2}.AppStore|iPhoneSimulator.Deploy.0 = Release|x86
		{C20283D2-DEAF-4577-B985-316BAD5102F2}.AppStore|x64.ActiveCfg = Release|x64
		{C20283D2-DEAF-4577-B985-316BAD5102F2}.AppStore|x64.Build.0 = Release|x64
		{C20283D2-DEAF-4577-B985-316BAD5102F2}.AppStore|x64.Deploy.0 = Release|x64
		{C20283D2-DEAF-4577-B985-316BAD5102F2}.AppStore|x86.ActiveCfg = Release|x86
		{C20283D2-DEAF-4577-B985-316BAD5102F2}.AppStore|x86.Build.0 = Release|x86
		{C20283D2-DEAF-4577-B985-316BAD5102F2}.AppStore|x86.Deploy.0 = Release|x86
		{C20283D2-DEAF-4577-B985-316BAD5102F2}.Debug|Any CPU.ActiveCfg = Debug|x86
		{C20283D2-DEAF-4577-B985-316BAD5102F2}.Debug|ARM.ActiveCfg = Debug|ARM
		{C20283D2-DEAF-4577-B985-316BAD5102F2}.Debug|ARM.Build.0 = Debug|ARM
		{C20283D2-DEAF-4577-B985-316BAD5102F2}.Debug|ARM.Deploy.0 = Debug|ARM
		{C20283D2-DEAF-4577-B985-316BAD5102F2}.Debug|iPhone.ActiveCfg = Debug|x86
		{C20283D2-DEAF-4577-B985-316BAD5102F2}.Debug|iPhoneSimulator.ActiveCfg = Debug|x86
		{C20283D2-DEAF-4577-B985-316BAD5102F2}.Debug|x64.ActiveCfg = Debug|x64
		{C20283D2-DEAF-4577-B985-316BAD5102F2}.Debug|x64.Build.0 = Debug|x64
		{C20283D2-DEAF-4577-B985-316BAD5102F2}.Debug|x64.Deploy.0 = Debug|x64
		{C20283D2-DEAF-4577-B985-316BAD5102F2}.Debug|x86.ActiveCfg = Debug|x86
		{C20283D2-DEAF-4577-B985-316BAD5102F2}.Debug|x86.Build.0 = Debug|x86
		{C20283D2-DEAF-4577-B985-316BAD5102F2}.Debug|x86.Deploy.0 = Debug|x86
		{C20283D2-DEAF-4577-B985-316BAD5102F2}.Release|Any CPU.ActiveCfg = Release|x86
		{C20283D2-DEAF-4577-B985-316BAD5102F2}.Release|ARM.ActiveCfg = Release|ARM
		{C20283D2-DEAF-4577-B985-316BAD5102F2}.Release|ARM.Build.0 = Release|ARM
		{C20283D2-DEAF-4577-B985-316BAD5102F2}.Release|ARM.Deploy.0 = Release|ARM
		{C20283D2-DEAF-4577-B985-316BAD5102F2}.Release|iPhone.ActiveCfg = Release|x86
		{C20283D2-DEAF-4577-B985-316BAD5102F2}.Release|iPhoneSimulator.ActiveCfg = Release|x86
		{C20283D2-DEAF-4577-B985-316BAD5102F2}.Release|x64.ActiveCfg = Release|x64
		{C20283D2-DEAF-4577-B985-316BAD5102F2}.Release|x64.Build.0 = Release|x64
		{C20283D2-DEAF-4577-B985-316BAD5102F2}.Release|x64.Deploy.0 = Release|x64
		{C20283D2-DEAF-4577-B985-316BAD5102F2}.Release|x86.ActiveCfg = Release|x86
		{C20283D2-DEAF-4577-B985-316BAD5102F2}.Release|x86.Build.0 = Release|x86
		{C20283D2-DEAF-4577-B985-316BAD5102F2}.Release|x86.Deploy.0 = Release|x86
	EndGlobalSection
	GlobalSection(SolutionProperties) = preSolution
		HideSolutionNode = FALSE
	EndGlobalSection
	GlobalSection(ExtensibilityGlobals) = postSolution
		SolutionGuid = {E9D7D1DE-5828-4FBD-A75C-ADA08AEF6C8A}
	EndGlobalSection
EndGlobal
